
Microsoft Visual Studio Solution File, Format Version 12.00
# Visual Studio Version 16
VisualStudioVersion = 16.0.30621.155
MinimumVisualStudioVersion = 10.0.40219.1
Project("{FAE04EC0-301F-11D3-BF4B-00C04F79EFBC}") = "TizenXamlAppFinalProjectVideo", "TizenXamlAppFinalProjectVideo\TizenXamlAppFinalProjectVideo\TizenXamlAppFinalProjectVideo.csproj", "{A84C7E4A-8B62-48CC-B070-796143C9B9A3}"
EndProject
Project("{FAE04EC0-301F-11D3-BF4B-00C04F79EFBC}") = "TizenXamlAppFinalProjectVideo.Tizen", "TizenXamlAppFinalProjectVideo\TizenXamlAppFinalProjectVideo.Tizen\TizenXamlAppFinalProjectVideo.Tizen.csproj", "{8E6E8C93-1AA7-4522-B666-5A307412CF1B}"
EndProject
Global
	GlobalSection(SolutionConfigurationPlatforms) = preSolution
		Debug|Any CPU = Debug|Any CPU
		Release|Any CPU = Release|Any CPU
	EndGlobalSection
	GlobalSection(ProjectConfigurationPlatforms) = postSolution
		{A84C7E4A-8B62-48CC-B070-796143C9B9A3}.Debug|Any CPU.ActiveCfg = Debug|Any CPU
		{A84C7E4A-8B62-48CC-B070-796143C9B9A3}.Debug|Any CPU.Build.0 = Debug|Any CPU
		{A84C7E4A-8B62-48CC-B070-796143C9B9A3}.Release|Any CPU.ActiveCfg = Release|Any CPU
		{A84C7E4A-8B62-48CC-B070-796143C9B9A3}.Release|Any CPU.Build.0 = Release|Any CPU
		{8E6E8C93-1AA7-4522-B666-5A307412CF1B}.Debug|Any CPU.ActiveCfg = Debug|Any CPU
		{8E6E8C93-1AA7-4522-B666-5A307412CF1B}.Debug|Any CPU.Build.0 = Debug|Any CPU
		{8E6E8C93-1AA7-4522-B666-5A307412CF1B}.Release|Any CPU.ActiveCfg = Release|Any CPU
		{8E6E8C93-1AA7-4522-B666-5A307412CF1B}.Release|Any CPU.Build.0 = Release|Any CPU
	EndGlobalSection
	GlobalSection(SolutionProperties) = preSolution
		HideSolutionNode = FALSE
	EndGlobalSection
	GlobalSection(ExtensibilityGlobals) = postSolution
		SolutionGuid = {AE863968-4026-4A1C-853A-155952EC8909}
	EndGlobalSection
EndGlobal
