
Microsoft Visual Studio Solution File, Format Version 12.00
# Visual Studio Version 16
VisualStudioVersion = 16.0.30621.155
MinimumVisualStudioVersion = 10.0.40219.1
Project("{FAE04EC0-301F-11D3-BF4B-00C04F79EFBC}") = "Mission_11", "Mission_11\Mission_11\Mission_11.csproj", "{34C920AE-A8F7-4739-AB2F-41B2D03A4DAB}"
EndProject
Project("{FAE04EC0-301F-11D3-BF4B-00C04F79EFBC}") = "Mission_11.Tizen", "Mission_11\Mission_11.Tizen\Mission_11.Tizen.csproj", "{2B588473-9075-4C18-9B1D-F767BA700310}"
EndProject
Global
	GlobalSection(SolutionConfigurationPlatforms) = preSolution
		Debug|Any CPU = Debug|Any CPU
		Release|Any CPU = Release|Any CPU
	EndGlobalSection
	GlobalSection(ProjectConfigurationPlatforms) = postSolution
		{34C920AE-A8F7-4739-AB2F-41B2D03A4DAB}.Debug|Any CPU.ActiveCfg = Debug|Any CPU
		{34C920AE-A8F7-4739-AB2F-41B2D03A4DAB}.Debug|Any CPU.Build.0 = Debug|Any CPU
		{34C920AE-A8F7-4739-AB2F-41B2D03A4DAB}.Release|Any CPU.ActiveCfg = Release|Any CPU
		{34C920AE-A8F7-4739-AB2F-41B2D03A4DAB}.Release|Any CPU.Build.0 = Release|Any CPU
		{2B588473-9075-4C18-9B1D-F767BA700310}.Debug|Any CPU.ActiveCfg = Debug|Any CPU
		{2B588473-9075-4C18-9B1D-F767BA700310}.Debug|Any CPU.Build.0 = Debug|Any CPU
		{2B588473-9075-4C18-9B1D-F767BA700310}.Release|Any CPU.ActiveCfg = Release|Any CPU
		{2B588473-9075-4C18-9B1D-F767BA700310}.Release|Any CPU.Build.0 = Release|Any CPU
	EndGlobalSection
	GlobalSection(SolutionProperties) = preSolution
		HideSolutionNode = FALSE
	EndGlobalSection
	GlobalSection(ExtensibilityGlobals) = postSolution
		SolutionGuid = {3F4A5456-A3FA-42DF-A302-356D095F42FE}
	EndGlobalSection
EndGlobal
